
Microsoft Visual Studio Solution File, Format Version 12.00
# Visual Studio 14
VisualStudioVersion = 14.0.25420.1
MinimumVisualStudioVersion = 10.0.40219.1
Project("{151D2E53-A2C4-4D7D-83FE-D05416EBD58E}") = "AAD_ADFS_Lab", "AAD_ADFS_Lab\AAD_ADFS_Lab.deployproj", "{08E6FC5C-52DF-4D6E-81D7-7E74E5F9806B}"
EndProject
Project("{2150E333-8FDC-42A3-9474-1A3956D46DE8}") = "Main", "Main", "{AEBF22A4-6AF5-4751-B976-F0152F12CA2C}"
	ProjectSection(SolutionItems) = preProject
		Readme.md = Readme.md
	EndProjectSection
EndProject
Global
	GlobalSection(SolutionConfigurationPlatforms) = preSolution
		Debug|Any CPU = Debug|Any CPU
		Release|Any CPU = Release|Any CPU
	EndGlobalSection
	GlobalSection(ProjectConfigurationPlatforms) = postSolution
		{08E6FC5C-52DF-4D6E-81D7-7E74E5F9806B}.Debug|Any CPU.ActiveCfg = Debug|Any CPU
		{08E6FC5C-52DF-4D6E-81D7-7E74E5F9806B}.Debug|Any CPU.Build.0 = Debug|Any CPU
		{08E6FC5C-52DF-4D6E-81D7-7E74E5F9806B}.Release|Any CPU.ActiveCfg = Release|Any CPU
		{08E6FC5C-52DF-4D6E-81D7-7E74E5F9806B}.Release|Any CPU.Build.0 = Release|Any CPU
	EndGlobalSection
	GlobalSection(SolutionProperties) = preSolution
		HideSolutionNode = FALSE
	EndGlobalSection
EndGlobal
